// !$*UTF8*$!
{
	archiveVersion = 1;
	classes = {
	};
	objectVersion = 55;
	objects = {

/* Begin PBXBuildFile section */
		D953684F28141E8900A5BFEA /* CiderKit_Engine.framework in Frameworks */ = {isa = PBXBuildFile; fileRef = D953684E28141E8900A5BFEA /* CiderKit_Engine.framework */; };
		D953685028141E8900A5BFEA /* CiderKit_Engine.framework in Embed Frameworks */ = {isa = PBXBuildFile; fileRef = D953684E28141E8900A5BFEA /* CiderKit_Engine.framework */; settings = {ATTRIBUTES = (CodeSignOnCopy, RemoveHeadersOnCopy, ); }; };
		D99369492813F41F00AC07F9 /* CiderKit_TestGameApp.swift in Sources */ = {isa = PBXBuildFile; fileRef = D99369482813F41F00AC07F9 /* CiderKit_TestGameApp.swift */; };
		D993694D2813F42300AC07F9 /* Assets.xcassets in Resources */ = {isa = PBXBuildFile; fileRef = D993694C2813F42300AC07F9 /* Assets.xcassets */; };
		D99369592813F48600AC07F9 /* map.ckmap in Resources */ = {isa = PBXBuildFile; fileRef = D99369582813F48600AC07F9 /* map.ckmap */; };
		D99369612813F72600AC07F9 /* Sprites.xcassets in Resources */ = {isa = PBXBuildFile; fileRef = D99369602813F70400AC07F9 /* Sprites.xcassets */; };
/* End PBXBuildFile section */

/* Begin PBXCopyFilesBuildPhase section */
		D953684D28141E8200A5BFEA /* Embed Frameworks */ = {
			isa = PBXCopyFilesBuildPhase;
			buildActionMask = 2147483647;
			dstPath = "";
			dstSubfolderSpec = 10;
			files = (
				D953685028141E8900A5BFEA /* CiderKit_Engine.framework in Embed Frameworks */,
			);
			name = "Embed Frameworks";
			runOnlyForDeploymentPostprocessing = 0;
		};
/* End PBXCopyFilesBuildPhase section */

/* Begin PBXFileReference section */
		D953684E28141E8900A5BFEA /* CiderKit_Engine.framework */ = {isa = PBXFileReference; explicitFileType = wrapper.framework; path = CiderKit_Engine.framework; sourceTree = BUILT_PRODUCTS_DIR; };
		D99369452813F41F00AC07F9 /* CiderKit-TestGame.app */ = {isa = PBXFileReference; explicitFileType = wrapper.application; includeInIndex = 0; path = "CiderKit-TestGame.app"; sourceTree = BUILT_PRODUCTS_DIR; };
		D99369482813F41F00AC07F9 /* CiderKit_TestGameApp.swift */ = {isa = PBXFileReference; lastKnownFileType = sourcecode.swift; path = CiderKit_TestGameApp.swift; sourceTree = "<group>"; };
		D993694C2813F42300AC07F9 /* Assets.xcassets */ = {isa = PBXFileReference; lastKnownFileType = folder.assetcatalog; path = Assets.xcassets; sourceTree = "<group>"; };
		D99369512813F42300AC07F9 /* CiderKit_TestGame.entitlements */ = {isa = PBXFileReference; lastKnownFileType = text.plist.entitlements; path = CiderKit_TestGame.entitlements; sourceTree = "<group>"; };
		D99369582813F48600AC07F9 /* map.ckmap */ = {isa = PBXFileReference; fileEncoding = 4; lastKnownFileType = text; path = map.ckmap; sourceTree = "<group>"; };
		D99369602813F70400AC07F9 /* Sprites.xcassets */ = {isa = PBXFileReference; lastKnownFileType = folder.assetcatalog; path = Sprites.xcassets; sourceTree = "<group>"; };
/* End PBXFileReference section */

/* Begin PBXFrameworksBuildPhase section */
		D99369422813F41F00AC07F9 /* Frameworks */ = {
			isa = PBXFrameworksBuildPhase;
			buildActionMask = 2147483647;
			files = (
				D953684F28141E8900A5BFEA /* CiderKit_Engine.framework in Frameworks */,
			);
			runOnlyForDeploymentPostprocessing = 0;
		};
/* End PBXFrameworksBuildPhase section */

/* Begin PBXGroup section */
		D993693C2813F41F00AC07F9 = {
			isa = PBXGroup;
			children = (
				D99369472813F41F00AC07F9 /* CiderKit-TestGame */,
				D993695A2813F4A300AC07F9 /* Frameworks */,
				D99369462813F41F00AC07F9 /* Products */,
				D99369572813F47000AC07F9 /* Resources */,
			);
			sourceTree = "<group>";
		};
		D99369462813F41F00AC07F9 /* Products */ = {
			isa = PBXGroup;
			children = (
				D99369452813F41F00AC07F9 /* CiderKit-TestGame.app */,
			);
			name = Products;
			sourceTree = "<group>";
		};
		D99369472813F41F00AC07F9 /* CiderKit-TestGame */ = {
			isa = PBXGroup;
			children = (
				D99369512813F42300AC07F9 /* CiderKit_TestGame.entitlements */,
				D99369482813F41F00AC07F9 /* CiderKit_TestGameApp.swift */,
				D993694C2813F42300AC07F9 /* Assets.xcassets */,
			);
			path = "CiderKit-TestGame";
			sourceTree = "<group>";
		};
		D99369572813F47000AC07F9 /* Resources */ = {
			isa = PBXGroup;
			children = (
				D99369602813F70400AC07F9 /* Sprites.xcassets */,
				D99369582813F48600AC07F9 /* map.ckmap */,
			);
			path = Resources;
			sourceTree = "<group>";
		};
		D993695A2813F4A300AC07F9 /* Frameworks */ = {
			isa = PBXGroup;
			children = (
				D953684E28141E8900A5BFEA /* CiderKit_Engine.framework */,
			);
			name = Frameworks;
			sourceTree = "<group>";
		};
/* End PBXGroup section */

/* Begin PBXNativeTarget section */
		D99369442813F41F00AC07F9 /* CiderKit-TestGame */ = {
			isa = PBXNativeTarget;
			buildConfigurationList = D99369542813F42300AC07F9 /* Build configuration list for PBXNativeTarget "CiderKit-TestGame" */;
			buildPhases = (
				D99369412813F41F00AC07F9 /* Sources */,
				D99369422813F41F00AC07F9 /* Frameworks */,
				D99369432813F41F00AC07F9 /* Resources */,
				D953684D28141E8200A5BFEA /* Embed Frameworks */,
			);
			buildRules = (
			);
			dependencies = (
			);
			name = "CiderKit-TestGame";
			productName = "CiderKit-TestGame";
			productReference = D99369452813F41F00AC07F9 /* CiderKit-TestGame.app */;
			productType = "com.apple.product-type.application";
		};
/* End PBXNativeTarget section */

/* Begin PBXProject section */
		D993693D2813F41F00AC07F9 /* Project object */ = {
			isa = PBXProject;
			attributes = {
				BuildIndependentTargetsInParallel = 1;
				LastSwiftUpdateCheck = 1330;
				LastUpgradeCheck = 1330;
				TargetAttributes = {
					D99369442813F41F00AC07F9 = {
						CreatedOnToolsVersion = 13.3.1;
					};
				};
			};
			buildConfigurationList = D99369402813F41F00AC07F9 /* Build configuration list for PBXProject "CiderKit-TestGame" */;
			compatibilityVersion = "Xcode 13.0";
			developmentRegion = en;
			hasScannedForEncodings = 0;
			knownRegions = (
				en,
				Base,
			);
			mainGroup = D993693C2813F41F00AC07F9;
			productRefGroup = D99369462813F41F00AC07F9 /* Products */;
			projectDirPath = "";
			projectRoot = "";
			targets = (
				D99369442813F41F00AC07F9 /* CiderKit-TestGame */,
			);
		};
/* End PBXProject section */

/* Begin PBXResourcesBuildPhase section */
		D99369432813F41F00AC07F9 /* Resources */ = {
			isa = PBXResourcesBuildPhase;
			buildActionMask = 2147483647;
			files = (
				D99369612813F72600AC07F9 /* Sprites.xcassets in Resources */,
				D993694D2813F42300AC07F9 /* Assets.xcassets in Resources */,
				D99369592813F48600AC07F9 /* map.ckmap in Resources */,
			);
			runOnlyForDeploymentPostprocessing = 0;
		};
/* End PBXResourcesBuildPhase section */

/* Begin PBXSourcesBuildPhase section */
		D99369412813F41F00AC07F9 /* Sources */ = {
			isa = PBXSourcesBuildPhase;
			buildActionMask = 2147483647;
			files = (
				D99369492813F41F00AC07F9 /* CiderKit_TestGameApp.swift in Sources */,
			);
			runOnlyForDeploymentPostprocessing = 0;
		};
/* End PBXSourcesBuildPhase section */

/* Begin XCBuildConfiguration section */
		D99369522813F42300AC07F9 /* Debug */ = {
			isa = XCBuildConfiguration;
			buildSettings = {
				ALWAYS_SEARCH_USER_PATHS = NO;
				CLANG_ANALYZER_NONNULL = YES;
				CLANG_ANALYZER_NUMBER_OBJECT_CONVERSION = YES_AGGRESSIVE;
				CLANG_CXX_LANGUAGE_STANDARD = "gnu++17";
				CLANG_ENABLE_MODULES = YES;
				CLANG_ENABLE_OBJC_ARC = YES;
				CLANG_ENABLE_OBJC_WEAK = YES;
				CLANG_WARN_BLOCK_CAPTURE_AUTORELEASING = YES;
				CLANG_WARN_BOOL_CONVERSION = YES;
				CLANG_WARN_COMMA = YES;
				CLANG_WARN_CONSTANT_CONVERSION = YES;
				CLANG_WARN_DEPRECATED_OBJC_IMPLEMENTATIONS = YES;
				CLANG_WARN_DIRECT_OBJC_ISA_USAGE = YES_ERROR;
				CLANG_WARN_DOCUMENTATION_COMMENTS = YES;
				CLANG_WARN_EMPTY_BODY = YES;
				CLANG_WARN_ENUM_CONVERSION = YES;
				CLANG_WARN_INFINITE_RECURSION = YES;
				CLANG_WARN_INT_CONVERSION = YES;
				CLANG_WARN_NON_LITERAL_NULL_CONVERSION = YES;
				CLANG_WARN_OBJC_IMPLICIT_RETAIN_SELF = YES;
				CLANG_WARN_OBJC_LITERAL_CONVERSION = YES;
				CLANG_WARN_OBJC_ROOT_CLASS = YES_ERROR;
				CLANG_WARN_QUOTED_INCLUDE_IN_FRAMEWORK_HEADER = YES;
				CLANG_WARN_RANGE_LOOP_ANALYSIS = YES;
				CLANG_WARN_STRICT_PROTOTYPES = YES;
				CLANG_WARN_SUSPICIOUS_MOVE = YES;
				CLANG_WARN_UNGUARDED_AVAILABILITY = YES_AGGRESSIVE;
				CLANG_WARN_UNREACHABLE_CODE = YES;
				CLANG_WARN__DUPLICATE_METHOD_MATCH = YES;
				COPY_PHASE_STRIP = NO;
				DEBUG_INFORMATION_FORMAT = dwarf;
				ENABLE_STRICT_OBJC_MSGSEND = YES;
				ENABLE_TESTABILITY = YES;
				GCC_C_LANGUAGE_STANDARD = gnu11;
				GCC_DYNAMIC_NO_PIC = NO;
				GCC_NO_COMMON_BLOCKS = YES;
				GCC_OPTIMIZATION_LEVEL = 0;
				GCC_PREPROCESSOR_DEFINITIONS = (
					"DEBUG=1",
					"$(inherited)",
				);
				GCC_WARN_64_TO_32_BIT_CONVERSION = YES;
				GCC_WARN_ABOUT_RETURN_TYPE = YES_ERROR;
				GCC_WARN_UNDECLARED_SELECTOR = YES;
				GCC_WARN_UNINITIALIZED_AUTOS = YES_AGGRESSIVE;
				GCC_WARN_UNUSED_FUNCTION = YES;
				GCC_WARN_UNUSED_VARIABLE = YES;
				MACOSX_DEPLOYMENT_TARGET = 12.3;
				MTL_ENABLE_DEBUG_INFO = INCLUDE_SOURCE;
				MTL_FAST_MATH = YES;
				ONLY_ACTIVE_ARCH = YES;
				SDKROOT = macosx;
				SWIFT_ACTIVE_COMPILATION_CONDITIONS = DEBUG;
				SWIFT_OPTIMIZATION_LEVEL = "-Onone";
			};
			name = Debug;
		};
		D99369532813F42300AC07F9 /* Release */ = {
			isa = XCBuildConfiguration;
			buildSettings = {
				ALWAYS_SEARCH_USER_PATHS = NO;
				CLANG_ANALYZER_NONNULL = YES;
				CLANG_ANALYZER_NUMBER_OBJECT_CONVERSION = YES_AGGRESSIVE;
				CLANG_CXX_LANGUAGE_STANDARD = "gnu++17";
				CLANG_ENABLE_MODULES = YES;
				CLANG_ENABLE_OBJC_ARC = YES;
				CLANG_ENABLE_OBJC_WEAK = YES;
				CLANG_WARN_BLOCK_CAPTURE_AUTORELEASING = YES;
				CLANG_WARN_BOOL_CONVERSION = YES;
				CLANG_WARN_COMMA = YES;
				CLANG_WARN_CONSTANT_CONVERSION = YES;
				CLANG_WARN_DEPRECATED_OBJC_IMPLEMENTATIONS = YES;
				CLANG_WARN_DIRECT_OBJC_ISA_USAGE = YES_ERROR;
				CLANG_WARN_DOCUMENTATION_COMMENTS = YES;
				CLANG_WARN_EMPTY_BODY = YES;
				CLANG_WARN_ENUM_CONVERSION = YES;
				CLANG_WARN_INFINITE_RECURSION = YES;
				CLANG_WARN_INT_CONVERSION = YES;
				CLANG_WARN_NON_LITERAL_NULL_CONVERSION = YES;
				CLANG_WARN_OBJC_IMPLICIT_RETAIN_SELF = YES;
				CLANG_WARN_OBJC_LITERAL_CONVERSION = YES;
				CLANG_WARN_OBJC_ROOT_CLASS = YES_ERROR;
				CLANG_WARN_QUOTED_INCLUDE_IN_FRAMEWORK_HEADER = YES;
				CLANG_WARN_RANGE_LOOP_ANALYSIS = YES;
				CLANG_WARN_STRICT_PROTOTYPES = YES;
				CLANG_WARN_SUSPICIOUS_MOVE = YES;
				CLANG_WARN_UNGUARDED_AVAILABILITY = YES_AGGRESSIVE;
				CLANG_WARN_UNREACHABLE_CODE = YES;
				CLANG_WARN__DUPLICATE_METHOD_MATCH = YES;
				COPY_PHASE_STRIP = NO;
				DEBUG_INFORMATION_FORMAT = "dwarf-with-dsym";
				ENABLE_NS_ASSERTIONS = NO;
				ENABLE_STRICT_OBJC_MSGSEND = YES;
				GCC_C_LANGUAGE_STANDARD = gnu11;
				GCC_NO_COMMON_BLOCKS = YES;
				GCC_WARN_64_TO_32_BIT_CONVERSION = YES;
				GCC_WARN_ABOUT_RETURN_TYPE = YES_ERROR;
				GCC_WARN_UNDECLARED_SELECTOR = YES;
				GCC_WARN_UNINITIALIZED_AUTOS = YES_AGGRESSIVE;
				GCC_WARN_UNUSED_FUNCTION = YES;
				GCC_WARN_UNUSED_VARIABLE = YES;
				MACOSX_DEPLOYMENT_TARGET = 12.3;
				MTL_ENABLE_DEBUG_INFO = NO;
				MTL_FAST_MATH = YES;
				SDKROOT = macosx;
				SWIFT_COMPILATION_MODE = wholemodule;
				SWIFT_OPTIMIZATION_LEVEL = "-O";
			};
			name = Release;
		};
		D99369552813F42300AC07F9 /* Debug */ = {
			isa = XCBuildConfiguration;
			buildSettings = {
				ASSETCATALOG_COMPILER_APPICON_NAME = AppIcon;
				ASSETCATALOG_COMPILER_GLOBAL_ACCENT_COLOR_NAME = AccentColor;
				CODE_SIGN_ENTITLEMENTS = "CiderKit-TestGame/CiderKit_TestGame.entitlements";
				CODE_SIGN_STYLE = Automatic;
				COMBINE_HIDPI_IMAGES = YES;
				CURRENT_PROJECT_VERSION = 1;
				DEVELOPMENT_TEAM = 5L9YG7YEUA;
				ENABLE_HARDENED_RUNTIME = YES;
				ENABLE_PREVIEWS = YES;
				GENERATE_INFOPLIST_FILE = YES;
				INFOPLIST_KEY_NSHumanReadableCopyright = "";
				LD_RUNPATH_SEARCH_PATHS = (
					"$(inherited)",
					"@executable_path/../Frameworks",
				);
				MACOSX_DEPLOYMENT_TARGET = 12.0;
				MARKETING_VERSION = 1.0;
				PRODUCT_BUNDLE_IDENTIFIER = "com.xhaleera.CiderKit-TestGame";
				PRODUCT_NAME = "$(TARGET_NAME)";
				SWIFT_EMIT_LOC_STRINGS = YES;
				SWIFT_VERSION = 5.0;
			};
			name = Debug;
		};
		D99369562813F42300AC07F9 /* Release */ = {
			isa = XCBuildConfiguration;
			buildSettings = {
				ASSETCATALOG_COMPILER_APPICON_NAME = AppIcon;
				ASSETCATALOG_COMPILER_GLOBAL_ACCENT_COLOR_NAME = AccentColor;
				CODE_SIGN_ENTITLEMENTS = "CiderKit-TestGame/CiderKit_TestGame.entitlements";
				CODE_SIGN_STYLE = Automatic;
				COMBINE_HIDPI_IMAGES = YES;
				CURRENT_PROJECT_VERSION = 1;
				DEVELOPMENT_TEAM = 5L9YG7YEUA;
				ENABLE_HARDENED_RUNTIME = YES;
				ENABLE_PREVIEWS = YES;
				GENERATE_INFOPLIST_FILE = YES;
				INFOPLIST_KEY_NSHumanReadableCopyright = "";
				LD_RUNPATH_SEARCH_PATHS = (
					"$(inherited)",
					"@executable_path/../Frameworks",
				);
				MACOSX_DEPLOYMENT_TARGET = 12.0;
				MARKETING_VERSION = 1.0;
				PRODUCT_BUNDLE_IDENTIFIER = "com.xhaleera.CiderKit-TestGame";
				PRODUCT_NAME = "$(TARGET_NAME)";
				SWIFT_EMIT_LOC_STRINGS = YES;
				SWIFT_VERSION = 5.0;
			};
			name = Release;
		};
/* End XCBuildConfiguration section */

/* Begin XCConfigurationList section */
		D99369402813F41F00AC07F9 /* Build configuration list for PBXProject "CiderKit-TestGame" */ = {
			isa = XCConfigurationList;
			buildConfigurations = (
				D99369522813F42300AC07F9 /* Debug */,
				D99369532813F42300AC07F9 /* Release */,
			);
			defaultConfigurationIsVisible = 0;
			defaultConfigurationName = Release;
		};
		D99369542813F42300AC07F9 /* Build configuration list for PBXNativeTarget "CiderKit-TestGame" */ = {
			isa = XCConfigurationList;
			buildConfigurations = (
				D99369552813F42300AC07F9 /* Debug */,
				D99369562813F42300AC07F9 /* Release */,
			);
			defaultConfigurationIsVisible = 0;
			defaultConfigurationName = Release;
		};
/* End XCConfigurationList section */
	};
	rootObject = D993693D2813F41F00AC07F9 /* Project object */;
}
